
Microsoft Visual Studio Solution File, Format Version 12.00
# Visual Studio Version 16
VisualStudioVersion = 16.0.31624.102
MinimumVisualStudioVersion = 10.0.40219.1
Project("{FAE04EC0-301F-11D3-BF4B-00C04F79EFBC}") = "Nass", "Nass\Nass.csproj", "{4C82C8EE-54C6-4CC7-ADEC-B7C1DDEC3872}"
EndProject
Global
	GlobalSection(SolutionConfigurationPlatforms) = preSolution
		Debug|Any CPU = Debug|Any CPU
		Release|Any CPU = Release|Any CPU
	EndGlobalSection
	GlobalSection(ProjectConfigurationPlatforms) = postSolution
		{4C82C8EE-54C6-4CC7-ADEC-B7C1DDEC3872}.Debug|Any CPU.ActiveCfg = Debug|Any CPU
		{4C82C8EE-54C6-4CC7-ADEC-B7C1DDEC3872}.Debug|Any CPU.Build.0 = Debug|Any CPU
		{4C82C8EE-54C6-4CC7-ADEC-B7C1DDEC3872}.Release|Any CPU.ActiveCfg = Release|Any CPU
		{4C82C8EE-54C6-4CC7-ADEC-B7C1DDEC3872}.Release|Any CPU.Build.0 = Release|Any CPU
	EndGlobalSection
	GlobalSection(SolutionProperties) = preSolution
		HideSolutionNode = FALSE
	EndGlobalSection
	GlobalSection(ExtensibilityGlobals) = postSolution
		SolutionGuid = {F29FACD1-F45F-4175-91DB-C0E8C334317E}
	EndGlobalSection
EndGlobal
